
Microsoft Visual Studio Solution File, Format Version 12.00
# Visual Studio Version 17
VisualStudioVersion = 17.13.35919.96
MinimumVisualStudioVersion = 10.0.40219.1
Project("{888888A0-9F3D-457C-B088-3A5042F75D52}") = "PythonApplication1", "PythonApplication1.pyproj", "{229BA8BD-83DF-40AE-B8E3-3C74EA7E516D}"
EndProject
Project("{888888A0-9F3D-457C-B088-3A5042F75D52}") = "PythonApplication2", "..\PythonApplication2\PythonApplication2.pyproj", "{C11EA7BE-5AA5-43C4-A2A9-F20CD8DCCC46}"
EndProject
Global
	GlobalSection(SolutionConfigurationPlatforms) = preSolution
		Debug|Any CPU = Debug|Any CPU
		Release|Any CPU = Release|Any CPU
	EndGlobalSection
	GlobalSection(ProjectConfigurationPlatforms) = postSolution
		{229BA8BD-83DF-40AE-B8E3-3C74EA7E516D}.Debug|Any CPU.ActiveCfg = Debug|Any CPU
		{229BA8BD-83DF-40AE-B8E3-3C74EA7E516D}.Release|Any CPU.ActiveCfg = Release|Any CPU
		{C11EA7BE-5AA5-43C4-A2A9-F20CD8DCCC46}.Debug|Any CPU.ActiveCfg = Debug|Any CPU
		{C11EA7BE-5AA5-43C4-A2A9-F20CD8DCCC46}.Release|Any CPU.ActiveCfg = Release|Any CPU
	EndGlobalSection
	GlobalSection(SolutionProperties) = preSolution
		HideSolutionNode = FALSE
	EndGlobalSection
	GlobalSection(ExtensibilityGlobals) = postSolution
		SolutionGuid = {81FD3A90-F306-4B2E-BF33-B1C8593CB6BA}
	EndGlobalSection
EndGlobal
